
Microsoft Visual Studio Solution File, Format Version 12.00
# Visual Studio Version 16
VisualStudioVersion = 16.0.31402.337
MinimumVisualStudioVersion = 10.0.40219.1
Project("{FAE04EC0-301F-11D3-BF4B-00C04F79EFBC}") = "YZ_AKADEMI", "YZ_AKADEMI\YZ_AKADEMI.csproj", "{A81987A3-0DB1-45E6-BEDD-1CEF5693A753}"
EndProject
Global
	GlobalSection(SolutionConfigurationPlatforms) = preSolution
		Debug|Any CPU = Debug|Any CPU
		Release|Any CPU = Release|Any CPU
	EndGlobalSection
	GlobalSection(ProjectConfigurationPlatforms) = postSolution
		{A81987A3-0DB1-45E6-BEDD-1CEF5693A753}.Debug|Any CPU.ActiveCfg = Debug|Any CPU
		{A81987A3-0DB1-45E6-BEDD-1CEF5693A753}.Debug|Any CPU.Build.0 = Debug|Any CPU
		{A81987A3-0DB1-45E6-BEDD-1CEF5693A753}.Release|Any CPU.ActiveCfg = Release|Any CPU
		{A81987A3-0DB1-45E6-BEDD-1CEF5693A753}.Release|Any CPU.Build.0 = Release|Any CPU
	EndGlobalSection
	GlobalSection(SolutionProperties) = preSolution
		HideSolutionNode = FALSE
	EndGlobalSection
	GlobalSection(ExtensibilityGlobals) = postSolution
		SolutionGuid = {35C2F95C-1F1E-473A-A78C-9BC50BA7FE31}
	EndGlobalSection
EndGlobal
